
Microsoft Visual Studio Solution File, Format Version 12.00
# Visual Studio Version 16
VisualStudioVersion = 16.0.31702.278
MinimumVisualStudioVersion = 10.0.40219.1
Project("{FAE04EC0-301F-11D3-BF4B-00C04F79EFBC}") = "ProjetVet3", "ProjetVet3\ProjetVet3.csproj", "{EB2D48DE-3B92-492E-B39B-2416215F3216}"
EndProject
Global
	GlobalSection(SolutionConfigurationPlatforms) = preSolution
		Debug|Any CPU = Debug|Any CPU
		Release|Any CPU = Release|Any CPU
	EndGlobalSection
	GlobalSection(ProjectConfigurationPlatforms) = postSolution
		{EB2D48DE-3B92-492E-B39B-2416215F3216}.Debug|Any CPU.ActiveCfg = Debug|Any CPU
		{EB2D48DE-3B92-492E-B39B-2416215F3216}.Debug|Any CPU.Build.0 = Debug|Any CPU
		{EB2D48DE-3B92-492E-B39B-2416215F3216}.Release|Any CPU.ActiveCfg = Release|Any CPU
		{EB2D48DE-3B92-492E-B39B-2416215F3216}.Release|Any CPU.Build.0 = Release|Any CPU
	EndGlobalSection
	GlobalSection(SolutionProperties) = preSolution
		HideSolutionNode = FALSE
	EndGlobalSection
	GlobalSection(ExtensibilityGlobals) = postSolution
		SolutionGuid = {7F6EF1CC-3866-42ED-A85C-27E7FA77D768}
	EndGlobalSection
EndGlobal
